# THIS IS AN AUTOGENERATED FILE. DO NOT EDIT THIS FILE DIRECTLY.
# yarn lockfile v1


prettier-plugin-tailwindcss@^0.1.8:
  version "0.1.8"
  resolved "https://registry.yarnpkg.com/prettier-plugin-tailwindcss/-/prettier-plugin-tailwindcss-0.1.8.tgz#ba0f606ed91959ede670303d905b99106e9e6293"
  integrity sha512-hwarSBCswAXa+kqYtaAkFr3Vop9o04WOyZs0qo3NyvW8L7f1rif61wRyq0+ArmVThOuRBcJF5hjGXYk86cwemg==
